
Microsoft Visual Studio Solution File, Format Version 12.00
# Visual Studio Version 17
VisualStudioVersion = 17.4.33103.184
MinimumVisualStudioVersion = 10.0.40219.1
Project("{FAE04EC0-301F-11D3-BF4B-00C04F79EFBC}") = "TCS_Polynom_data_actualiser", "TCS_Polynom_data_actualiser.csproj", "{74A13A1B-1276-4418-B7BF-141A815627D7}"
EndProject
Global
	GlobalSection(SolutionConfigurationPlatforms) = preSolution
		Debug|Any CPU = Debug|Any CPU
		Release|Any CPU = Release|Any CPU
	EndGlobalSection
	GlobalSection(ProjectConfigurationPlatforms) = postSolution
		{74A13A1B-1276-4418-B7BF-141A815627D7}.Debug|Any CPU.ActiveCfg = Debug|Any CPU
		{74A13A1B-1276-4418-B7BF-141A815627D7}.Debug|Any CPU.Build.0 = Debug|Any CPU
		{74A13A1B-1276-4418-B7BF-141A815627D7}.Release|Any CPU.ActiveCfg = Release|Any CPU
		{74A13A1B-1276-4418-B7BF-141A815627D7}.Release|Any CPU.Build.0 = Release|Any CPU
	EndGlobalSection
	GlobalSection(SolutionProperties) = preSolution
		HideSolutionNode = FALSE
	EndGlobalSection
	GlobalSection(ExtensibilityGlobals) = postSolution
		SolutionGuid = {B57657E0-D6E6-4A25-8B1C-E76C519902D6}
	EndGlobalSection
EndGlobal
